// !$*UTF8*$!
{
	archiveVersion = 1;
	classes = {
	};
	objectVersion = 46;
	objects = {

/* Begin PBXBuildFile section */
		B729685115B6473300686B64 /* AppDelegate.m in Sources */ = {isa = PBXBuildFile; fileRef = B729682F15B6473300686B64 /* AppDelegate.m */; };
		B729685315B6473300686B64 /* HPaddingPageViewController.m in Sources */ = {isa = PBXBuildFile; fileRef = B729683315B6473300686B64 /* HPaddingPageViewController.m */; };
		B729685415B6473300686B64 /* HPagingViewController.m in Sources */ = {isa = PBXBuildFile; fileRef = B729683515B6473300686B64 /* HPagingViewController.m */; };
		B729685515B6473300686B64 /* 1.JPG in Resources */ = {isa = PBXBuildFile; fileRef = B729683715B6473300686B64 /* 1.JPG */; };
		B729685615B6473300686B64 /* 10.JPG in Resources */ = {isa = PBXBuildFile; fileRef = B729683815B6473300686B64 /* 10.JPG */; };
		B729685715B6473300686B64 /* 11.JPG in Resources */ = {isa = PBXBuildFile; fileRef = B729683915B6473300686B64 /* 11.JPG */; };
		B729685815B6473300686B64 /* 12.JPG in Resources */ = {isa = PBXBuildFile; fileRef = B729683A15B6473300686B64 /* 12.JPG */; };
		B729685915B6473300686B64 /* 13.JPG in Resources */ = {isa = PBXBuildFile; fileRef = B729683B15B6473300686B64 /* 13.JPG */; };
		B729685A15B6473300686B64 /* 14.JPG in Resources */ = {isa = PBXBuildFile; fileRef = B729683C15B6473300686B64 /* 14.JPG */; };
		B729685B15B6473300686B64 /* 15.JPG in Resources */ = {isa = PBXBuildFile; fileRef = B729683D15B6473300686B64 /* 15.JPG */; };
		B729685C15B6473300686B64 /* 2.JPG in Resources */ = {isa = PBXBuildFile; fileRef = B729683E15B6473300686B64 /* 2.JPG */; };
		B729685D15B6473300686B64 /* 3.JPG in Resources */ = {isa = PBXBuildFile; fileRef = B729683F15B6473300686B64 /* 3.JPG */; };
		B729685E15B6473300686B64 /* 4.JPG in Resources */ = {isa = PBXBuildFile; fileRef = B729684015B6473300686B64 /* 4.JPG */; };
		B729685F15B6473300686B64 /* 5.JPG in Resources */ = {isa = PBXBuildFile; fileRef = B729684115B6473300686B64 /* 5.JPG */; };
		B729686015B6473300686B64 /* 6.JPG in Resources */ = {isa = PBXBuildFile; fileRef = B729684215B6473300686B64 /* 6.JPG */; };
		B729686115B6473300686B64 /* 7.JPG in Resources */ = {isa = PBXBuildFile; fileRef = B729684315B6473300686B64 /* 7.JPG */; };
		B729686215B6473300686B64 /* 8.JPG in Resources */ = {isa = PBXBuildFile; fileRef = B729684415B6473300686B64 /* 8.JPG */; };
		B729686315B6473300686B64 /* 9.JPG in Resources */ = {isa = PBXBuildFile; fileRef = B729684515B6473300686B64 /* 9.JPG */; };
		B729686515B6473300686B64 /* main.m in Sources */ = {isa = PBXBuildFile; fileRef = B729684815B6473300686B64 /* main.m */; };
		B729686715B6473300686B64 /* RootViewController.m in Sources */ = {isa = PBXBuildFile; fileRef = B729684C15B6473300686B64 /* RootViewController.m */; };
		B729686815B6473300686B64 /* VPaddingPageViewController.m in Sources */ = {isa = PBXBuildFile; fileRef = B729684E15B6473300686B64 /* VPaddingPageViewController.m */; };
		B729686915B6473300686B64 /* VPagingViewController.m in Sources */ = {isa = PBXBuildFile; fileRef = B729685015B6473300686B64 /* VPagingViewController.m */; };
		B72968A915B6DBB100686B64 /* InfoPlist.strings in Resources */ = {isa = PBXBuildFile; fileRef = B729683015B6473300686B64 /* InfoPlist.strings */; };
		B7C454941578D025003FC537 /* UIKit.framework in Frameworks */ = {isa = PBXBuildFile; fileRef = B7C454931578D025003FC537 /* UIKit.framework */; };
		B7C454961578D025003FC537 /* Foundation.framework in Frameworks */ = {isa = PBXBuildFile; fileRef = B7C454951578D025003FC537 /* Foundation.framework */; };
		B7C454981578D025003FC537 /* CoreGraphics.framework in Frameworks */ = {isa = PBXBuildFile; fileRef = B7C454971578D025003FC537 /* CoreGraphics.framework */; };
		B7E7E18B158F89C000F5BE10 /* InfinitePagingView.m in Sources */ = {isa = PBXBuildFile; fileRef = B7E7E18A158F89C000F5BE10 /* InfinitePagingView.m */; };
/* End PBXBuildFile section */

/* Begin PBXFileReference section */
		B729682E15B6473300686B64 /* AppDelegate.h */ = {isa = PBXFileReference; fileEncoding = 4; lastKnownFileType = sourcecode.c.h; path = AppDelegate.h; sourceTree = "<group>"; };
		B729682F15B6473300686B64 /* AppDelegate.m */ = {isa = PBXFileReference; fileEncoding = 4; lastKnownFileType = sourcecode.c.objc; path = AppDelegate.m; sourceTree = "<group>"; };
		B729683115B6473300686B64 /* en */ = {isa = PBXFileReference; lastKnownFileType = text.plist.strings; name = en; path = en.lproj/InfoPlist.strings; sourceTree = "<group>"; };
		B729683215B6473300686B64 /* HPaddingPageViewController.h */ = {isa = PBXFileReference; fileEncoding = 4; lastKnownFileType = sourcecode.c.h; path = HPaddingPageViewController.h; sourceTree = "<group>"; };
		B729683315B6473300686B64 /* HPaddingPageViewController.m */ = {isa = PBXFileReference; fileEncoding = 4; lastKnownFileType = sourcecode.c.objc; path = HPaddingPageViewController.m; sourceTree = "<group>"; };
		B729683415B6473300686B64 /* HPagingViewController.h */ = {isa = PBXFileReference; fileEncoding = 4; lastKnownFileType = sourcecode.c.h; path = HPagingViewController.h; sourceTree = "<group>"; };
		B729683515B6473300686B64 /* HPagingViewController.m */ = {isa = PBXFileReference; fileEncoding = 4; lastKnownFileType = sourcecode.c.objc; path = HPagingViewController.m; sourceTree = "<group>"; };
		B729683715B6473300686B64 /* 1.JPG */ = {isa = PBXFileReference; lastKnownFileType = image.jpeg; path = 1.JPG; sourceTree = "<group>"; };
		B729683815B6473300686B64 /* 10.JPG */ = {isa = PBXFileReference; lastKnownFileType = image.jpeg; path = 10.JPG; sourceTree = "<group>"; };
		B729683915B6473300686B64 /* 11.JPG */ = {isa = PBXFileReference; lastKnownFileType = image.jpeg; path = 11.JPG; sourceTree = "<group>"; };
		B729683A15B6473300686B64 /* 12.JPG */ = {isa = PBXFileReference; lastKnownFileType = image.jpeg; path = 12.JPG; sourceTree = "<group>"; };
		B729683B15B6473300686B64 /* 13.JPG */ = {isa = PBXFileReference; lastKnownFileType = image.jpeg; path = 13.JPG; sourceTree = "<group>"; };
		B729683C15B6473300686B64 /* 14.JPG */ = {isa = PBXFileReference; lastKnownFileType = image.jpeg; path = 14.JPG; sourceTree = "<group>"; };
		B729683D15B6473300686B64 /* 15.JPG */ = {isa = PBXFileReference; lastKnownFileType = image.jpeg; path = 15.JPG; sourceTree = "<group>"; };
		B729683E15B6473300686B64 /* 2.JPG */ = {isa = PBXFileReference; lastKnownFileType = image.jpeg; path = 2.JPG; sourceTree = "<group>"; };
		B729683F15B6473300686B64 /* 3.JPG */ = {isa = PBXFileReference; lastKnownFileType = image.jpeg; path = 3.JPG; sourceTree = "<group>"; };
		B729684015B6473300686B64 /* 4.JPG */ = {isa = PBXFileReference; lastKnownFileType = image.jpeg; path = 4.JPG; sourceTree = "<group>"; };
		B729684115B6473300686B64 /* 5.JPG */ = {isa = PBXFileReference; lastKnownFileType = image.jpeg; path = 5.JPG; sourceTree = "<group>"; };
		B729684215B6473300686B64 /* 6.JPG */ = {isa = PBXFileReference; lastKnownFileType = image.jpeg; path = 6.JPG; sourceTree = "<group>"; };
		B729684315B6473300686B64 /* 7.JPG */ = {isa = PBXFileReference; lastKnownFileType = image.jpeg; path = 7.JPG; sourceTree = "<group>"; };
		B729684415B6473300686B64 /* 8.JPG */ = {isa = PBXFileReference; lastKnownFileType = image.jpeg; path = 8.JPG; sourceTree = "<group>"; };
		B729684515B6473300686B64 /* 9.JPG */ = {isa = PBXFileReference; lastKnownFileType = image.jpeg; path = 9.JPG; sourceTree = "<group>"; };
		B729684615B6473300686B64 /* InfinitePagingView-Info.plist */ = {isa = PBXFileReference; fileEncoding = 4; lastKnownFileType = text.plist.xml; path = "InfinitePagingView-Info.plist"; sourceTree = "<group>"; };
		B729684715B6473300686B64 /* InfinitePagingView-Prefix.pch */ = {isa = PBXFileReference; fileEncoding = 4; lastKnownFileType = sourcecode.c.h; path = "InfinitePagingView-Prefix.pch"; sourceTree = "<group>"; };
		B729684815B6473300686B64 /* main.m */ = {isa = PBXFileReference; fileEncoding = 4; lastKnownFileType = sourcecode.c.objc; path = main.m; sourceTree = "<group>"; };
		B729684B15B6473300686B64 /* RootViewController.h */ = {isa = PBXFileReference; fileEncoding = 4; lastKnownFileType = sourcecode.c.h; path = RootViewController.h; sourceTree = "<group>"; };
		B729684C15B6473300686B64 /* RootViewController.m */ = {isa = PBXFileReference; fileEncoding = 4; lastKnownFileType = sourcecode.c.objc; path = RootViewController.m; sourceTree = "<group>"; };
		B729684D15B6473300686B64 /* VPaddingPageViewController.h */ = {isa = PBXFileReference; fileEncoding = 4; lastKnownFileType = sourcecode.c.h; path = VPaddingPageViewController.h; sourceTree = "<group>"; };
		B729684E15B6473300686B64 /* VPaddingPageViewController.m */ = {isa = PBXFileReference; fileEncoding = 4; lastKnownFileType = sourcecode.c.objc; path = VPaddingPageViewController.m; sourceTree = "<group>"; };
		B729684F15B6473300686B64 /* VPagingViewController.h */ = {isa = PBXFileReference; fileEncoding = 4; lastKnownFileType = sourcecode.c.h; path = VPagingViewController.h; sourceTree = "<group>"; };
		B729685015B6473300686B64 /* VPagingViewController.m */ = {isa = PBXFileReference; fileEncoding = 4; lastKnownFileType = sourcecode.c.objc; path = VPagingViewController.m; sourceTree = "<group>"; };
		B7C4548F1578D025003FC537 /* InfinitePagingView.app */ = {isa = PBXFileReference; explicitFileType = wrapper.application; includeInIndex = 0; path = InfinitePagingView.app; sourceTree = BUILT_PRODUCTS_DIR; };
		B7C454931578D025003FC537 /* UIKit.framework */ = {isa = PBXFileReference; lastKnownFileType = wrapper.framework; name = UIKit.framework; path = System/Library/Frameworks/UIKit.framework; sourceTree = SDKROOT; };
		B7C454951578D025003FC537 /* Foundation.framework */ = {isa = PBXFileReference; lastKnownFileType = wrapper.framework; name = Foundation.framework; path = System/Library/Frameworks/Foundation.framework; sourceTree = SDKROOT; };
		B7C454971578D025003FC537 /* CoreGraphics.framework */ = {isa = PBXFileReference; lastKnownFileType = wrapper.framework; name = CoreGraphics.framework; path = System/Library/Frameworks/CoreGraphics.framework; sourceTree = SDKROOT; };
		B7E7E189158F89C000F5BE10 /* InfinitePagingView.h */ = {isa = PBXFileReference; fileEncoding = 4; lastKnownFileType = sourcecode.c.h; path = InfinitePagingView.h; sourceTree = "<group>"; };
		B7E7E18A158F89C000F5BE10 /* InfinitePagingView.m */ = {isa = PBXFileReference; fileEncoding = 4; lastKnownFileType = sourcecode.c.objc; path = InfinitePagingView.m; sourceTree = "<group>"; };
/* End PBXFileReference section */

/* Begin PBXFrameworksBuildPhase section */
		B7C4548C1578D025003FC537 /* Frameworks */ = {
			isa = PBXFrameworksBuildPhase;
			buildActionMask = 2147483647;
			files = (
				B7C454941578D025003FC537 /* UIKit.framework in Frameworks */,
				B7C454961578D025003FC537 /* Foundation.framework in Frameworks */,
				B7C454981578D025003FC537 /* CoreGraphics.framework in Frameworks */,
			);
			runOnlyForDeploymentPostprocessing = 0;
		};
/* End PBXFrameworksBuildPhase section */

/* Begin PBXGroup section */
		B729682D15B6473300686B64 /* InfinitePagingViewExamples */ = {
			isa = PBXGroup;
			children = (
				B729682E15B6473300686B64 /* AppDelegate.h */,
				B729682F15B6473300686B64 /* AppDelegate.m */,
				B729684B15B6473300686B64 /* RootViewController.h */,
				B729684C15B6473300686B64 /* RootViewController.m */,
				B729683415B6473300686B64 /* HPagingViewController.h */,
				B729683515B6473300686B64 /* HPagingViewController.m */,
				B729684F15B6473300686B64 /* VPagingViewController.h */,
				B729685015B6473300686B64 /* VPagingViewController.m */,
				B729683215B6473300686B64 /* HPaddingPageViewController.h */,
				B729683315B6473300686B64 /* HPaddingPageViewController.m */,
				B729684D15B6473300686B64 /* VPaddingPageViewController.h */,
				B729684E15B6473300686B64 /* VPaddingPageViewController.m */,
				B729683615B6473300686B64 /* images */,
				B729686A15B6478C00686B64 /* Supporting Files */,
			);
			path = InfinitePagingViewExamples;
			sourceTree = "<group>";
		};
		B729683615B6473300686B64 /* images */ = {
			isa = PBXGroup;
			children = (
				B729683715B6473300686B64 /* 1.JPG */,
				B729683815B6473300686B64 /* 10.JPG */,
				B729683915B6473300686B64 /* 11.JPG */,
				B729683A15B6473300686B64 /* 12.JPG */,
				B729683B15B6473300686B64 /* 13.JPG */,
				B729683C15B6473300686B64 /* 14.JPG */,
				B729683D15B6473300686B64 /* 15.JPG */,
				B729683E15B6473300686B64 /* 2.JPG */,
				B729683F15B6473300686B64 /* 3.JPG */,
				B729684015B6473300686B64 /* 4.JPG */,
				B729684115B6473300686B64 /* 5.JPG */,
				B729684215B6473300686B64 /* 6.JPG */,
				B729684315B6473300686B64 /* 7.JPG */,
				B729684415B6473300686B64 /* 8.JPG */,
				B729684515B6473300686B64 /* 9.JPG */,
			);
			path = images;
			sourceTree = "<group>";
		};
		B729686A15B6478C00686B64 /* Supporting Files */ = {
			isa = PBXGroup;
			children = (
				B729683015B6473300686B64 /* InfoPlist.strings */,
				B729684615B6473300686B64 /* InfinitePagingView-Info.plist */,
				B729684715B6473300686B64 /* InfinitePagingView-Prefix.pch */,
				B729684815B6473300686B64 /* main.m */,
			);
			name = "Supporting Files";
			sourceTree = "<group>";
		};
		B7C454841578D025003FC537 = {
			isa = PBXGroup;
			children = (
				B7E7E188158F89C000F5BE10 /* Classes */,
				B729682D15B6473300686B64 /* InfinitePagingViewExamples */,
				B7C454921578D025003FC537 /* Frameworks */,
				B7C454901578D025003FC537 /* Products */,
			);
			sourceTree = "<group>";
		};
		B7C454901578D025003FC537 /* Products */ = {
			isa = PBXGroup;
			children = (
				B7C4548F1578D025003FC537 /* InfinitePagingView.app */,
			);
			name = Products;
			sourceTree = "<group>";
		};
		B7C454921578D025003FC537 /* Frameworks */ = {
			isa = PBXGroup;
			children = (
				B7C454931578D025003FC537 /* UIKit.framework */,
				B7C454951578D025003FC537 /* Foundation.framework */,
				B7C454971578D025003FC537 /* CoreGraphics.framework */,
			);
			name = Frameworks;
			sourceTree = "<group>";
		};
		B7E7E188158F89C000F5BE10 /* Classes */ = {
			isa = PBXGroup;
			children = (
				B7E7E189158F89C000F5BE10 /* InfinitePagingView.h */,
				B7E7E18A158F89C000F5BE10 /* InfinitePagingView.m */,
			);
			path = Classes;
			sourceTree = "<group>";
		};
/* End PBXGroup section */

/* Begin PBXNativeTarget section */
		B7C4548E1578D025003FC537 /* InfinitePagingView */ = {
			isa = PBXNativeTarget;
			buildConfigurationList = B7C454B01578D025003FC537 /* Build configuration list for PBXNativeTarget "InfinitePagingView" */;
			buildPhases = (
				B7C4548B1578D025003FC537 /* Sources */,
				B7C4548C1578D025003FC537 /* Frameworks */,
				B7C4548D1578D025003FC537 /* Resources */,
			);
			buildRules = (
			);
			dependencies = (
			);
			name = InfinitePagingView;
			productName = InfinitePagingView;
			productReference = B7C4548F1578D025003FC537 /* InfinitePagingView.app */;
			productType = "com.apple.product-type.application";
		};
/* End PBXNativeTarget section */

/* Begin PBXProject section */
		B7C454861578D025003FC537 /* Project object */ = {
			isa = PBXProject;
			attributes = {
				LastUpgradeCheck = 0430;
			};
			buildConfigurationList = B7C454891578D025003FC537 /* Build configuration list for PBXProject "InfinitePagingView" */;
			compatibilityVersion = "Xcode 3.2";
			developmentRegion = English;
			hasScannedForEncodings = 0;
			knownRegions = (
				en,
			);
			mainGroup = B7C454841578D025003FC537;
			productRefGroup = B7C454901578D025003FC537 /* Products */;
			projectDirPath = "";
			projectRoot = "";
			targets = (
				B7C4548E1578D025003FC537 /* InfinitePagingView */,
			);
		};
/* End PBXProject section */

/* Begin PBXResourcesBuildPhase section */
		B7C4548D1578D025003FC537 /* Resources */ = {
			isa = PBXResourcesBuildPhase;
			buildActionMask = 2147483647;
			files = (
				B729685515B6473300686B64 /* 1.JPG in Resources */,
				B729685615B6473300686B64 /* 10.JPG in Resources */,
				B729685715B6473300686B64 /* 11.JPG in Resources */,
				B729685815B6473300686B64 /* 12.JPG in Resources */,
				B729685915B6473300686B64 /* 13.JPG in Resources */,
				B729685A15B6473300686B64 /* 14.JPG in Resources */,
				B729685B15B6473300686B64 /* 15.JPG in Resources */,
				B729685C15B6473300686B64 /* 2.JPG in Resources */,
				B729685D15B6473300686B64 /* 3.JPG in Resources */,
				B729685E15B6473300686B64 /* 4.JPG in Resources */,
				B729685F15B6473300686B64 /* 5.JPG in Resources */,
				B729686015B6473300686B64 /* 6.JPG in Resources */,
				B729686115B6473300686B64 /* 7.JPG in Resources */,
				B729686215B6473300686B64 /* 8.JPG in Resources */,
				B729686315B6473300686B64 /* 9.JPG in Resources */,
				B72968A915B6DBB100686B64 /* InfoPlist.strings in Resources */,
			);
			runOnlyForDeploymentPostprocessing = 0;
		};
/* End PBXResourcesBuildPhase section */

/* Begin PBXSourcesBuildPhase section */
		B7C4548B1578D025003FC537 /* Sources */ = {
			isa = PBXSourcesBuildPhase;
			buildActionMask = 2147483647;
			files = (
				B7E7E18B158F89C000F5BE10 /* InfinitePagingView.m in Sources */,
				B729685115B6473300686B64 /* AppDelegate.m in Sources */,
				B729685315B6473300686B64 /* HPaddingPageViewController.m in Sources */,
				B729685415B6473300686B64 /* HPagingViewController.m in Sources */,
				B729686515B6473300686B64 /* main.m in Sources */,
				B729686715B6473300686B64 /* RootViewController.m in Sources */,
				B729686815B6473300686B64 /* VPaddingPageViewController.m in Sources */,
				B729686915B6473300686B64 /* VPagingViewController.m in Sources */,
			);
			runOnlyForDeploymentPostprocessing = 0;
		};
/* End PBXSourcesBuildPhase section */

/* Begin PBXVariantGroup section */
		B729683015B6473300686B64 /* InfoPlist.strings */ = {
			isa = PBXVariantGroup;
			children = (
				B729683115B6473300686B64 /* en */,
			);
			name = InfoPlist.strings;
			sourceTree = "<group>";
		};
/* End PBXVariantGroup section */

/* Begin XCBuildConfiguration section */
		B7C454AE1578D025003FC537 /* Debug */ = {
			isa = XCBuildConfiguration;
			buildSettings = {
				ALWAYS_SEARCH_USER_PATHS = NO;
				ARCHS = "$(ARCHS_STANDARD_32_BIT)";
				CLANG_ENABLE_OBJC_ARC = YES;
				"CODE_SIGN_IDENTITY[sdk=iphoneos*]" = "iPhone Developer";
				COPY_PHASE_STRIP = NO;
				GCC_C_LANGUAGE_STANDARD = gnu99;
				GCC_DYNAMIC_NO_PIC = NO;
				GCC_OPTIMIZATION_LEVEL = 0;
				GCC_PREPROCESSOR_DEFINITIONS = (
					"DEBUG=1",
					"$(inherited)",
				);
				GCC_SYMBOLS_PRIVATE_EXTERN = NO;
				GCC_VERSION = com.apple.compilers.llvm.clang.1_0;
				GCC_WARN_ABOUT_RETURN_TYPE = YES;
				GCC_WARN_UNINITIALIZED_AUTOS = YES;
				GCC_WARN_UNUSED_VARIABLE = YES;
				IPHONEOS_DEPLOYMENT_TARGET = 4.0;
				"PROVISIONING_PROFILE[sdk=iphoneos*]" = "";
				SDKROOT = iphoneos;
				TARGETED_DEVICE_FAMILY = "1,2";
			};
			name = Debug;
		};
		B7C454AF1578D025003FC537 /* Release */ = {
			isa = XCBuildConfiguration;
			buildSettings = {
				ALWAYS_SEARCH_USER_PATHS = NO;
				ARCHS = "$(ARCHS_STANDARD_32_BIT)";
				CLANG_ENABLE_OBJC_ARC = YES;
				"CODE_SIGN_IDENTITY[sdk=iphoneos*]" = "";
				COPY_PHASE_STRIP = YES;
				GCC_C_LANGUAGE_STANDARD = gnu99;
				GCC_VERSION = com.apple.compilers.llvm.clang.1_0;
				GCC_WARN_ABOUT_RETURN_TYPE = YES;
				GCC_WARN_UNINITIALIZED_AUTOS = YES;
				GCC_WARN_UNUSED_VARIABLE = YES;
				IPHONEOS_DEPLOYMENT_TARGET = 4.0;
				OTHER_CFLAGS = "-DNS_BLOCK_ASSERTIONS=1";
				SDKROOT = iphoneos;
				TARGETED_DEVICE_FAMILY = "1,2";
				VALIDATE_PRODUCT = YES;
			};
			name = Release;
		};
		B7C454B11578D025003FC537 /* Debug */ = {
			isa = XCBuildConfiguration;
			buildSettings = {
				GCC_PRECOMPILE_PREFIX_HEADER = YES;
				GCC_PREFIX_HEADER = "InfinitePagingViewExamples/InfinitePagingView-Prefix.pch";
				INFOPLIST_FILE = "InfinitePagingViewExamples/InfinitePagingView-Info.plist";
				PRODUCT_NAME = "$(TARGET_NAME)";
				WRAPPER_EXTENSION = app;
			};
			name = Debug;
		};
		B7C454B21578D025003FC537 /* Release */ = {
			isa = XCBuildConfiguration;
			buildSettings = {
				GCC_PRECOMPILE_PREFIX_HEADER = YES;
				GCC_PREFIX_HEADER = "InfinitePagingViewExamples/InfinitePagingView-Prefix.pch";
				INFOPLIST_FILE = "InfinitePagingViewExamples/InfinitePagingView-Info.plist";
				PRODUCT_NAME = "$(TARGET_NAME)";
				WRAPPER_EXTENSION = app;
			};
			name = Release;
		};
/* End XCBuildConfiguration section */

/* Begin XCConfigurationList section */
		B7C454891578D025003FC537 /* Build configuration list for PBXProject "InfinitePagingView" */ = {
			isa = XCConfigurationList;
			buildConfigurations = (
				B7C454AE1578D025003FC537 /* Debug */,
				B7C454AF1578D025003FC537 /* Release */,
			);
			defaultConfigurationIsVisible = 0;
			defaultConfigurationName = Release;
		};
		B7C454B01578D025003FC537 /* Build configuration list for PBXNativeTarget "InfinitePagingView" */ = {
			isa = XCConfigurationList;
			buildConfigurations = (
				B7C454B11578D025003FC537 /* Debug */,
				B7C454B21578D025003FC537 /* Release */,
			);
			defaultConfigurationIsVisible = 0;
			defaultConfigurationName = Release;
		};
/* End XCConfigurationList section */
	};
	rootObject = B7C454861578D025003FC537 /* Project object */;
}
